{
  "nodes": {
    "barcode-master": {
      "inputs": {
        "flakeNimbleLib": [
          "flakeNimbleLib"
        ],
        "nixpkgs": [
          "nixpkgs"
        ],
        "src-barcode-master": "src-barcode-master"
      },
      "locked": {
        "dir": "master",
        "lastModified": 1662254358,
        "narHash": "sha256-fSdGwWC5J+E9Yyd4kFX0P0Ax6SjijI6gkKctIS+bnJ4=",
        "owner": "nim-nix-pkgs",
        "repo": "barcode",
        "rev": "715186ca0f6bbb4dc0c555686914b29cba665b7f",
        "type": "github"
      },
      "original": {
        "dir": "master",
        "owner": "nim-nix-pkgs",
        "ref": "master",
        "repo": "barcode",
        "type": "github"
      }
    },
    "flakeNimbleLib": {
      "inputs": {
        "nixpkgs": [
          "nixpkgs"
        ]
      },
      "locked": {
        "lastModified": 1662018438,
        "narHash": "sha256-QtNtU6+LX3Wokxf0zlFwKTFOcn6TeDjKQZ+DA9OYtvM=",
        "owner": "riinr",
        "repo": "nim-flakes-lib",
        "rev": "b1fe8340736e3a85d25c709ac3dfd82a55c03cbf",
        "type": "github"
      },
      "original": {
        "owner": "riinr",
        "ref": "master",
        "repo": "nim-flakes-lib",
        "type": "github"
      }
    },
    "nixpkgs": {
      "locked": {
        "lastModified": 1667110639,
        "narHash": "sha256-4FbPESZ5LbqQxkJJJBAfk/zKgF9h/4kyUwjjpJwYlbc=",
        "owner": "NixOS",
        "repo": "nixpkgs",
        "rev": "f38a1f04d1bec1feb61fd101a0539ae2002a7087",
        "type": "github"
      },
      "original": {
        "id": "nixpkgs",
        "type": "indirect"
      }
    },
    "root": {
      "inputs": {
        "barcode-master": "barcode-master",
        "flakeNimbleLib": "flakeNimbleLib",
        "nixpkgs": "nixpkgs"
      }
    },
    "src-barcode-master": {
      "flake": false,
      "locked": {
        "lastModified": 1579033720,
        "narHash": "sha256-j9Fwp3P8fOyh4okNyomzPF81w18UfP4M5PoTKMTzJCg=",
        "owner": "bunkford",
        "repo": "barcode",
        "rev": "65fa44cadcb6a77feb2f89c69ce1060a7c8fd49f",
        "type": "github"
      },
      "original": {
        "owner": "bunkford",
        "ref": "refs/heads/master",
        "repo": "barcode",
        "type": "github"
      }
    }
  },
  "root": "root",
  "version": 7
}
